
Microsoft Visual Studio Solution File, Format Version 12.00
# Visual Studio 2015
Project("{FAE04EC0-301F-11D3-BF4B-00C04F79EFBC}") = "TNetAndroid.CSharp", "TNetAndroid.CSharp.csproj", "{4DA12C2D-9A9F-514B-34B0-2F04413EB9B5}"
EndProject
Project("{FAE04EC0-301F-11D3-BF4B-00C04F79EFBC}") = "TNetAndroid.CSharp.Editor", "TNetAndroid.CSharp.Editor.csproj", "{1C8B8E36-B948-911A-9DF8-D7CEBCBA4BE6}"
EndProject
Global
	GlobalSection(SolutionConfigurationPlatforms) = preSolution
		Debug|Any CPU = Debug|Any CPU
		Release|Any CPU = Release|Any CPU
	EndGlobalSection
	GlobalSection(ProjectConfigurationPlatforms) = postSolution
		{4DA12C2D-9A9F-514B-34B0-2F04413EB9B5}.Debug|Any CPU.ActiveCfg = Debug|Any CPU
		{4DA12C2D-9A9F-514B-34B0-2F04413EB9B5}.Debug|Any CPU.Build.0 = Debug|Any CPU
		{4DA12C2D-9A9F-514B-34B0-2F04413EB9B5}.Release|Any CPU.ActiveCfg = Release|Any CPU
		{4DA12C2D-9A9F-514B-34B0-2F04413EB9B5}.Release|Any CPU.Build.0 = Release|Any CPU
		{1C8B8E36-B948-911A-9DF8-D7CEBCBA4BE6}.Debug|Any CPU.ActiveCfg = Debug|Any CPU
		{1C8B8E36-B948-911A-9DF8-D7CEBCBA4BE6}.Debug|Any CPU.Build.0 = Debug|Any CPU
		{1C8B8E36-B948-911A-9DF8-D7CEBCBA4BE6}.Release|Any CPU.ActiveCfg = Release|Any CPU
		{1C8B8E36-B948-911A-9DF8-D7CEBCBA4BE6}.Release|Any CPU.Build.0 = Release|Any CPU
	EndGlobalSection
	GlobalSection(SolutionProperties) = preSolution
		HideSolutionNode = FALSE
	EndGlobalSection
EndGlobal
